Microsoft Visual Studio Solution File, Format Version 11.00
# Visual Studio 2008

Project("{FCE7F362-75B4-32D2-9255-606C0F395DCD}") = "TANK", "Assembly-CSharp-firstpass.csproj", "{2E907E7B-6CC5-5A5B-D307-021FA21D2D58}"
EndProject
Project("{FCE7F362-75B4-32D2-9255-606C0F395DCD}") = "TANK", "Assembly-CSharp.csproj", "{C5D0CDBC-6243-272F-0B8A-DBBB20CAC6BE}"
EndProject
Project("{FCE7F362-75B4-32D2-9255-606C0F395DCD}") = "TANK", "Assembly-CSharp-Editor.csproj", "{2DD0E545-195E-2A1B-BE84-2D4E6CA3D7F0}"
EndProject
Global
	GlobalSection(SolutionConfigurationPlatforms) = preSolution
		Debug|Any CPU = Debug|Any CPU
		Release|Any CPU = Release|Any CPU
	EndGlobalSection
	GlobalSection(ProjectConfigurationPlatforms) = postSolution
		{2E907E7B-6CC5-5A5B-D307-021FA21D2D58}.Debug|Any CPU.ActiveCfg = Debug|Any CPU
		{2E907E7B-6CC5-5A5B-D307-021FA21D2D58}.Debug|Any CPU.Build.0 = Debug|Any CPU
		{2E907E7B-6CC5-5A5B-D307-021FA21D2D58}.Release|Any CPU.ActiveCfg = Release|Any CPU
		{2E907E7B-6CC5-5A5B-D307-021FA21D2D58}.Release|Any CPU.Build.0 = Release|Any CPU
		{C5D0CDBC-6243-272F-0B8A-DBBB20CAC6BE}.Debug|Any CPU.ActiveCfg = Debug|Any CPU
		{C5D0CDBC-6243-272F-0B8A-DBBB20CAC6BE}.Debug|Any CPU.Build.0 = Debug|Any CPU
		{C5D0CDBC-6243-272F-0B8A-DBBB20CAC6BE}.Release|Any CPU.ActiveCfg = Release|Any CPU
		{C5D0CDBC-6243-272F-0B8A-DBBB20CAC6BE}.Release|Any CPU.Build.0 = Release|Any CPU
		{2DD0E545-195E-2A1B-BE84-2D4E6CA3D7F0}.Debug|Any CPU.ActiveCfg = Debug|Any CPU
		{2DD0E545-195E-2A1B-BE84-2D4E6CA3D7F0}.Debug|Any CPU.Build.0 = Debug|Any CPU
		{2DD0E545-195E-2A1B-BE84-2D4E6CA3D7F0}.Release|Any CPU.ActiveCfg = Release|Any CPU
		{2DD0E545-195E-2A1B-BE84-2D4E6CA3D7F0}.Release|Any CPU.Build.0 = Release|Any CPU
	EndGlobalSection
	GlobalSection(SolutionProperties) = preSolution
		HideSolutionNode = FALSE
	EndGlobalSection
										GlobalSection(MonoDevelopProperties) = preSolution
		StartupItem = Assembly-CSharp.csproj
		Policies = $0
		$0.TextStylePolicy = $1
		$1.inheritsSet = null
		$1.scope = text/x-csharp
		$0.CSharpFormattingPolicy = $2
		$2.inheritsSet = Mono
		$2.inheritsScope = text/x-csharp
		$2.scope = text/x-csharp
		$0.TextStylePolicy = $3
		$3.FileWidth = 120
		$3.TabWidth = 4
		$3.IndentWidth = 4
		$3.EolMarker = Unix
		$3.inheritsSet = Mono
		$3.inheritsScope = text/plain
		$3.scope = text/plain
	EndGlobalSection

EndGlobal
